
Microsoft Visual Studio Solution File, Format Version 12.00
# Visual Studio Version 17
VisualStudioVersion = 17.0.32112.339
MinimumVisualStudioVersion = 10.0.40219.1
Project("{FAE04EC0-301F-11D3-BF4B-00C04F79EFBC}") = "Shopping_List", "Shopping_List\Shopping_List.csproj", "{8E9A55D5-8331-4B8A-BCC4-5847650E2ABD}"
EndProject
Global
	GlobalSection(SolutionConfigurationPlatforms) = preSolution
		Debug|Any CPU = Debug|Any CPU
		Release|Any CPU = Release|Any CPU
	EndGlobalSection
	GlobalSection(ProjectConfigurationPlatforms) = postSolution
		{8E9A55D5-8331-4B8A-BCC4-5847650E2ABD}.Debug|Any CPU.ActiveCfg = Debug|Any CPU
		{8E9A55D5-8331-4B8A-BCC4-5847650E2ABD}.Debug|Any CPU.Build.0 = Debug|Any CPU
		{8E9A55D5-8331-4B8A-BCC4-5847650E2ABD}.Release|Any CPU.ActiveCfg = Release|Any CPU
		{8E9A55D5-8331-4B8A-BCC4-5847650E2ABD}.Release|Any CPU.Build.0 = Release|Any CPU
	EndGlobalSection
	GlobalSection(SolutionProperties) = preSolution
		HideSolutionNode = FALSE
	EndGlobalSection
	GlobalSection(ExtensibilityGlobals) = postSolution
		SolutionGuid = {D5900E5A-02D7-4264-921E-635304DC97F5}
	EndGlobalSection
EndGlobal
